
Microsoft Visual Studio Solution File, Format Version 12.00
# Visual Studio 15
VisualStudioVersion = 15.0.28307.757
MinimumVisualStudioVersion = 10.0.40219.1
Project("{8BC9CEB8-8B4A-11D0-8D11-00A0C91BC942}") = "PipeCaseReversalServer", "PipeCaseReversal\PipeCaseReversal.vcxproj", "{7EB6E168-2F60-44C0-AC29-41B9A2FEC07D}"
EndProject
Project("{8BC9CEB8-8B4A-11D0-8D11-00A0C91BC942}") = "PipeCaseReversalClient", "PipeCaseReversalClient\PipeCaseReversalClient.vcxproj", "{9604565C-EBC5-4FF9-B809-0092B389F089}"
EndProject
Global
	GlobalSection(SolutionConfigurationPlatforms) = preSolution
		Debug|x64 = Debug|x64
		Debug|x86 = Debug|x86
		Release|x64 = Release|x64
		Release|x86 = Release|x86
	EndGlobalSection
	GlobalSection(ProjectConfigurationPlatforms) = postSolution
		{7EB6E168-2F60-44C0-AC29-41B9A2FEC07D}.Debug|x64.ActiveCfg = Debug|x64
		{7EB6E168-2F60-44C0-AC29-41B9A2FEC07D}.Debug|x64.Build.0 = Debug|x64
		{7EB6E168-2F60-44C0-AC29-41B9A2FEC07D}.Debug|x86.ActiveCfg = Debug|Win32
		{7EB6E168-2F60-44C0-AC29-41B9A2FEC07D}.Debug|x86.Build.0 = Debug|Win32
		{7EB6E168-2F60-44C0-AC29-41B9A2FEC07D}.Release|x64.ActiveCfg = Release|x64
		{7EB6E168-2F60-44C0-AC29-41B9A2FEC07D}.Release|x64.Build.0 = Release|x64
		{7EB6E168-2F60-44C0-AC29-41B9A2FEC07D}.Release|x86.ActiveCfg = Release|Win32
		{7EB6E168-2F60-44C0-AC29-41B9A2FEC07D}.Release|x86.Build.0 = Release|Win32
		{9604565C-EBC5-4FF9-B809-0092B389F089}.Debug|x64.ActiveCfg = Debug|x64
		{9604565C-EBC5-4FF9-B809-0092B389F089}.Debug|x64.Build.0 = Debug|x64
		{9604565C-EBC5-4FF9-B809-0092B389F089}.Debug|x86.ActiveCfg = Debug|Win32
		{9604565C-EBC5-4FF9-B809-0092B389F089}.Debug|x86.Build.0 = Debug|Win32
		{9604565C-EBC5-4FF9-B809-0092B389F089}.Release|x64.ActiveCfg = Release|x64
		{9604565C-EBC5-4FF9-B809-0092B389F089}.Release|x64.Build.0 = Release|x64
		{9604565C-EBC5-4FF9-B809-0092B389F089}.Release|x86.ActiveCfg = Release|Win32
		{9604565C-EBC5-4FF9-B809-0092B389F089}.Release|x86.Build.0 = Release|Win32
	EndGlobalSection
	GlobalSection(SolutionProperties) = preSolution
		HideSolutionNode = FALSE
	EndGlobalSection
	GlobalSection(ExtensibilityGlobals) = postSolution
		SolutionGuid = {AA58E9D3-353F-47E3-85B2-321BA23A3841}
	EndGlobalSection
EndGlobal
